
Microsoft Visual Studio Solution File, Format Version 12.00
# Visual Studio Version 17
VisualStudioVersion = 17.10.34916.146
MinimumVisualStudioVersion = 10.0.40219.1
Project("{FAE04EC0-301F-11D3-BF4B-00C04F79EFBC}") = "TAG Revisied", "TAG Revisied\TAG Revisied.csproj", "{D3013A10-04DF-4D1F-80DE-954CF9CE9B1D}"
EndProject
Global
	GlobalSection(SolutionConfigurationPlatforms) = preSolution
		Debug|Any CPU = Debug|Any CPU
		Release|Any CPU = Release|Any CPU
	EndGlobalSection
	GlobalSection(ProjectConfigurationPlatforms) = postSolution
		{D3013A10-04DF-4D1F-80DE-954CF9CE9B1D}.Debug|Any CPU.ActiveCfg = Debug|Any CPU
		{D3013A10-04DF-4D1F-80DE-954CF9CE9B1D}.Debug|Any CPU.Build.0 = Debug|Any CPU
		{D3013A10-04DF-4D1F-80DE-954CF9CE9B1D}.Release|Any CPU.ActiveCfg = Release|Any CPU
		{D3013A10-04DF-4D1F-80DE-954CF9CE9B1D}.Release|Any CPU.Build.0 = Release|Any CPU
	EndGlobalSection
	GlobalSection(SolutionProperties) = preSolution
		HideSolutionNode = FALSE
	EndGlobalSection
	GlobalSection(ExtensibilityGlobals) = postSolution
		SolutionGuid = {FC443ABE-BBFB-46FD-BE28-6C2A7C46CAD8}
	EndGlobalSection
EndGlobal
